
Microsoft Visual Studio Solution File, Format Version 12.00
# Visual Studio Version 17
VisualStudioVersion = 17.5.33424.131
MinimumVisualStudioVersion = 10.0.40219.1
Project("{FAE04EC0-301F-11D3-BF4B-00C04F79EFBC}") = "HomeWork_26_05", "HomeWork_26_05.csproj", "{C0D256E7-F6DF-4961-8699-0F682E00401A}"
EndProject
Global
	GlobalSection(SolutionConfigurationPlatforms) = preSolution
		Debug|Any CPU = Debug|Any CPU
		Release|Any CPU = Release|Any CPU
	EndGlobalSection
	GlobalSection(ProjectConfigurationPlatforms) = postSolution
		{C0D256E7-F6DF-4961-8699-0F682E00401A}.Debug|Any CPU.ActiveCfg = Debug|Any CPU
		{C0D256E7-F6DF-4961-8699-0F682E00401A}.Debug|Any CPU.Build.0 = Debug|Any CPU
		{C0D256E7-F6DF-4961-8699-0F682E00401A}.Release|Any CPU.ActiveCfg = Release|Any CPU
		{C0D256E7-F6DF-4961-8699-0F682E00401A}.Release|Any CPU.Build.0 = Release|Any CPU
	EndGlobalSection
	GlobalSection(SolutionProperties) = preSolution
		HideSolutionNode = FALSE
	EndGlobalSection
	GlobalSection(ExtensibilityGlobals) = postSolution
		SolutionGuid = {27F2F8A5-7DBD-43E3-A48F-B157E8CCCCA5}
	EndGlobalSection
EndGlobal
